<?xml version="1.0" encoding="utf-8"?>
<Project ToolsVersion="4.0" xmlns="http://schemas.microsoft.com/developer/msbuild/2003">
  <ItemGroup>
    <ClCompile Include="Main.cpp" />
    <ClCompile Include="ArrayAndStrings.cpp">
      <Filter>1_Arrays_and_strings</Filter>
    </ClCompile>
    <ClCompile Include="LinkedLists.cpp">
      <Filter>2_Linked_Lists</Filter>
    </ClCompile>
    <ClCompile Include="Sort.cpp">
      <Filter>9_Sotring_And_Searching</Filter>
    </ClCompile>
  </ItemGroup>
  <ItemGroup>
    <Filter Include="MIT DS and Algorithms">
      <UniqueIdentifier>{8860563e-3b4c-4375-9be6-3141830c02ef}</UniqueIdentifier>
    </Filter>
    <Filter Include="9_Sotring_And_Searching">
      <UniqueIdentifier>{8b696fd8-4ff8-43db-a1ab-e86c6cb13f69}</UniqueIdentifier>
    </Filter>
    <Filter Include="1_Arrays_and_strings">
      <UniqueIdentifier>{4669568d-46ec-45bf-87ff-7b17f14d943b}</UniqueIdentifier>
    </Filter>
    <Filter Include="2_Linked_Lists">
      <UniqueIdentifier>{92a2403a-7ebd-4ba1-b917-985bd978f64b}</UniqueIdentifier>
    </Filter>
  </ItemGroup>
  <ItemGroup>
    <ClInclude Include="Main.h" />
  </ItemGroup>
</Project>