<?xml version="1.0" encoding="utf-8"?>
<Project ToolsVersion="4.0" xmlns="http://schemas.microsoft.com/developer/msbuild/2003">
  <ItemGroup>
    <Filter Include="Source Files">
      <UniqueIdentifier>{4FC737F1-C7A5-4376-A066-2A32D752A2FF}</UniqueIdentifier>
      <Extensions>cpp;c;cc;cxx;def;odl;idl;hpj;bat;asm;asmx</Extensions>
    </Filter>
    <Filter Include="Header Files">
      <UniqueIdentifier>{93995380-89BD-4b04-88EB-625FBE52EBFB}</UniqueIdentifier>
      <Extensions>h;hh;hpp;hxx;hm;inl;inc;xsd</Extensions>
    </Filter>
    <Filter Include="Resource Files">
      <UniqueIdentifier>{67DA6AB6-F800-4c08-8B7A-83BB121AAD01}</UniqueIdentifier>
      <Extensions>rc;ico;cur;bmp;dlg;rc2;rct;bin;rgs;gif;jpg;jpeg;jpe;resx;tiff;tif;png;wav;mfcribbon-ms</Extensions>
    </Filter>
    <Filter Include="Dynamic_Programming">
      <UniqueIdentifier>{c245287f-e22d-4c5f-b53d-27c5fb77ad54}</UniqueIdentifier>
    </Filter>
    <Filter Include="Graph">
      <UniqueIdentifier>{3da5a16e-d339-4985-a815-e782ab23d117}</UniqueIdentifier>
    </Filter>
    <Filter Include="Amazon">
      <UniqueIdentifier>{e07e497d-41d5-4f3d-b097-126e5d81c9b9}</UniqueIdentifier>
    </Filter>
  </ItemGroup>
  <ItemGroup>
    <ClInclude Include="CP.h">
      <Filter>Header Files</Filter>
    </ClInclude>
    <ClInclude Include="AmazonQ\Amazon.h">
      <Filter>Header Files</Filter>
    </ClInclude>
  </ItemGroup>
  <ItemGroup>
    <ClCompile Include="Main.cpp">
      <Filter>Source Files</Filter>
    </ClCompile>
    <ClCompile Include="MaxSum.cpp">
      <Filter>Dynamic_Programming</Filter>
    </ClCompile>
    <ClCompile Include="Graph.cpp">
      <Filter>Graph</Filter>
    </ClCompile>
    <ClCompile Include="Road.cpp">
      <Filter>Amazon</Filter>
    </ClCompile>
    <ClCompile Include="Prim_MST.cpp">
      <Filter>Graph</Filter>
    </ClCompile>
    <ClCompile Include="Kruskal_MST.cpp">
      <Filter>Graph</Filter>
    </ClCompile>
    <ClCompile Include="Songs.cpp">
      <Filter>Amazon</Filter>
    </ClCompile>
    <ClCompile Include="AmazonQ\Amazon.cpp">
      <Filter>Source Files</Filter>
    </ClCompile>
  </ItemGroup>
</Project>